
Microsoft Visual Studio Solution File, Format Version 12.00
# Visual Studio 15
VisualStudioVersion = 15.0.27428.2037
MinimumVisualStudioVersion = 10.0.40219.1
Project("{FAE04EC0-301F-11D3-BF4B-00C04F79EFBC}") = "MVCAirLine", "MVCAirLine\MVCAirLine.csproj", "{D42A6F8C-E20E-4AF0-B36E-1470D43EBA2A}"
EndProject
Global
	GlobalSection(SolutionConfigurationPlatforms) = preSolution
		Debug|Any CPU = Debug|Any CPU
		Release|Any CPU = Release|Any CPU
	EndGlobalSection
	GlobalSection(ProjectConfigurationPlatforms) = postSolution
		{D42A6F8C-E20E-4AF0-B36E-1470D43EBA2A}.Debug|Any CPU.ActiveCfg = Debug|Any CPU
		{D42A6F8C-E20E-4AF0-B36E-1470D43EBA2A}.Debug|Any CPU.Build.0 = Debug|Any CPU
		{D42A6F8C-E20E-4AF0-B36E-1470D43EBA2A}.Release|Any CPU.ActiveCfg = Release|Any CPU
		{D42A6F8C-E20E-4AF0-B36E-1470D43EBA2A}.Release|Any CPU.Build.0 = Release|Any CPU
	EndGlobalSection
	GlobalSection(SolutionProperties) = preSolution
		HideSolutionNode = FALSE
	EndGlobalSection
	GlobalSection(ExtensibilityGlobals) = postSolution
		SolutionGuid = {B65B0BD1-6413-42D4-B9EE-D9BE6C752415}
	EndGlobalSection
EndGlobal
